
Microsoft Visual Studio Solution File, Format Version 12.00
# Visual Studio 14
VisualStudioVersion = 14.0.25420.1
MinimumVisualStudioVersion = 10.0.40219.1
Project("{FAE04EC0-301F-11D3-BF4B-00C04F79EFBC}") = "LyngbyBryg", "LyngbyBryg\LyngbyBryg.csproj", "{C85DB23A-D926-4857-87D0-6F9FE4A9B45B}"
EndProject
Project("{FAE04EC0-301F-11D3-BF4B-00C04F79EFBC}") = "LB_Repo", "LB_Repo\LB_Repo.csproj", "{29A27AEF-35A7-41AE-A509-1D3032EA58AE}"
EndProject
Global
	GlobalSection(SolutionConfigurationPlatforms) = preSolution
		Debug|Any CPU = Debug|Any CPU
		Release|Any CPU = Release|Any CPU
	EndGlobalSection
	GlobalSection(ProjectConfigurationPlatforms) = postSolution
		{C85DB23A-D926-4857-87D0-6F9FE4A9B45B}.Debug|Any CPU.ActiveCfg = Debug|Any CPU
		{C85DB23A-D926-4857-87D0-6F9FE4A9B45B}.Debug|Any CPU.Build.0 = Debug|Any CPU
		{C85DB23A-D926-4857-87D0-6F9FE4A9B45B}.Release|Any CPU.ActiveCfg = Release|Any CPU
		{C85DB23A-D926-4857-87D0-6F9FE4A9B45B}.Release|Any CPU.Build.0 = Release|Any CPU
		{29A27AEF-35A7-41AE-A509-1D3032EA58AE}.Debug|Any CPU.ActiveCfg = Debug|Any CPU
		{29A27AEF-35A7-41AE-A509-1D3032EA58AE}.Debug|Any CPU.Build.0 = Debug|Any CPU
		{29A27AEF-35A7-41AE-A509-1D3032EA58AE}.Release|Any CPU.ActiveCfg = Release|Any CPU
		{29A27AEF-35A7-41AE-A509-1D3032EA58AE}.Release|Any CPU.Build.0 = Release|Any CPU
	EndGlobalSection
	GlobalSection(SolutionProperties) = preSolution
		HideSolutionNode = FALSE
	EndGlobalSection
EndGlobal
